
Microsoft Visual Studio Solution File, Format Version 12.00
# Visual Studio 14
VisualStudioVersion = 14.0.24720.0
MinimumVisualStudioVersion = 10.0.40219.1
Project("{8BB2217D-0F2D-49D1-97BC-3654ED321F3B}") = "EnterpriseSample-WebAPI", "EnterpriseSample-WebAPI.xproj", "{ECD83226-41B7-4C9A-B1AD-329A8A891C98}"
EndProject
Global
	GlobalSection(SolutionConfigurationPlatforms) = preSolution
		Debug|Any CPU = Debug|Any CPU
		Release|Any CPU = Release|Any CPU
	EndGlobalSection
	GlobalSection(ProjectConfigurationPlatforms) = postSolution
		{ECD83226-41B7-4C9A-B1AD-329A8A891C98}.Debug|Any CPU.ActiveCfg = Debug|Any CPU
		{ECD83226-41B7-4C9A-B1AD-329A8A891C98}.Debug|Any CPU.Build.0 = Debug|Any CPU
		{ECD83226-41B7-4C9A-B1AD-329A8A891C98}.Release|Any CPU.ActiveCfg = Release|Any CPU
		{ECD83226-41B7-4C9A-B1AD-329A8A891C98}.Release|Any CPU.Build.0 = Release|Any CPU
	EndGlobalSection
	GlobalSection(SolutionProperties) = preSolution
		HideSolutionNode = FALSE
	EndGlobalSection
EndGlobal
